
Microsoft Visual Studio Solution File, Format Version 12.00
# Visual Studio 2012
Project("{FAE04EC0-301F-11D3-BF4B-00C04F79EFBC}") = "OrderFood", "OrderFood\OrderFood.csproj", "{C366AD8F-B79F-4AB9-9568-F99B846AC686}"
EndProject
Project("{FAE04EC0-301F-11D3-BF4B-00C04F79EFBC}") = "OrderFood.UnitTests", "OrderFood.UnitTests\OrderFood.UnitTests.csproj", "{13A0E175-7DC4-4903-9733-C11C65E7292B}"
EndProject
Global
	GlobalSection(SolutionConfigurationPlatforms) = preSolution
		Debug|Any CPU = Debug|Any CPU
		Release|Any CPU = Release|Any CPU
	EndGlobalSection
	GlobalSection(ProjectConfigurationPlatforms) = postSolution
		{C366AD8F-B79F-4AB9-9568-F99B846AC686}.Debug|Any CPU.ActiveCfg = Debug|Any CPU
		{C366AD8F-B79F-4AB9-9568-F99B846AC686}.Debug|Any CPU.Build.0 = Debug|Any CPU
		{C366AD8F-B79F-4AB9-9568-F99B846AC686}.Release|Any CPU.ActiveCfg = Release|Any CPU
		{C366AD8F-B79F-4AB9-9568-F99B846AC686}.Release|Any CPU.Build.0 = Release|Any CPU
		{13A0E175-7DC4-4903-9733-C11C65E7292B}.Debug|Any CPU.ActiveCfg = Debug|Any CPU
		{13A0E175-7DC4-4903-9733-C11C65E7292B}.Debug|Any CPU.Build.0 = Debug|Any CPU
		{13A0E175-7DC4-4903-9733-C11C65E7292B}.Release|Any CPU.ActiveCfg = Release|Any CPU
		{13A0E175-7DC4-4903-9733-C11C65E7292B}.Release|Any CPU.Build.0 = Release|Any CPU
	EndGlobalSection
	GlobalSection(SolutionProperties) = preSolution
		HideSolutionNode = FALSE
	EndGlobalSection
EndGlobal
